{
  "version": 2,
  "dependencies": {
    "net10.0-windows10.0.22621": {
      "Microsoft.NET.ILLink.Tasks": {
        "type": "Direct",
        "requested": "[10.0.8, )",
        "resolved": "10.0.8",
        "contentHash": "dVbSXGIFNR5nZcv2tOLoWI+a9T4jtFd77IYjuND+QVe360qWgAF7H0WtoopYhRw/+SgpGUTyrkrh+65+ClNnfw=="
      },
      "Microsoft.Windows.CsWin32": {
        "type": "Direct",
        "requested": "[0.3.275, )",
        "resolved": "0.3.275",
        "contentHash": "PzFiVQdVxDY+iTX9U2K3IPVy4uvouZLDDsfRw5G+apVAcMGEeNlIqa/XLGu9xyGgysbwTulWsvlHHL4dX9aIQw==",
        "dependencies": {
          "Microsoft.Windows.SDK.Win32Docs": "0.1.42-alpha",
          "Microsoft.Windows.SDK.Win32Metadata": "70.0.11-preview",
          "Microsoft.Windows.WDK.Win32Metadata": "0.13.25-experimental"
        }
      },
      "Microsoft.Windows.SDK.BuildTools": {
        "type": "Direct",
        "requested": "[10.0.28000.1839, )",
        "resolved": "10.0.28000.1839",
        "contentHash": "xPRyq2l8rBbKPOEymCGGN1+086KHsMpXz2bhP2Ha3Woo0tsqrnEXUO/iINJ5kqOvax78LtSReoAZi26rFqOdPg=="
      },
      "Microsoft.Windows.SDK.Win32Docs": {
        "type": "Transitive",
        "resolved": "0.1.42-alpha",
        "contentHash": "Z/9po23gUA9aoukirh2ItMU2ZS9++Js9Gdds9fu5yuMojDrmArvY2y+tq9985tR3cxFxpZO1O35Wjfo0khj5HA=="
      },
      "Microsoft.Windows.SDK.Win32Metadata": {
        "type": "Transitive",
        "resolved": "70.0.11-preview",
        "contentHash": "i8Dv2KCKzH8MQAsgLeUa5zFGyQOoz+TlvnbkFUkjsUtqhj4oguVj9rDpVACs5fLayZbwItOSllf+bhwr+z2yeg=="
      },
      "Microsoft.Windows.WDK.Win32Metadata": {
        "type": "Transitive",
        "resolved": "0.13.25-experimental",
        "contentHash": "IM50tb/+UIwBr9FMr6ZKcZjCMW+Axo6NjGqKxgjUfyCY8dRnYUfrJEXxAaXoWtYP4X8EmASmC1Jtwh4XucseZg==",
        "dependencies": {
          "Microsoft.Windows.SDK.Win32Metadata": "63.0.31-preview"
        }
      },
      "linerule.core": {
        "type": "Project"
      },
      "linerule.input": {
        "type": "Project",
        "dependencies": {
          "Linerule.Core": "[1.0.0, )",
          "Linerule.Platform": "[1.0.0, )"
        }
      },
      "linerule.platform": {
        "type": "Project",
        "dependencies": {
          "Linerule.Core": "[1.0.0, )"
        }
      }
    }
  }
}