{
  "version": 2,
  "dependencies": {
    "net10.0": {
      "Meziantou.Analyzer": {
        "type": "Direct",
        "requested": "[3.0.87, )",
        "resolved": "3.0.87",
        "contentHash": "6fKYtFKVZh63Iok2Bdb692UNcGFLraXZfr1PE0uvaQ1WuRSCE1m6LyjW+XnM+CRCzD5Mf2IrvraHR9eZfFt2VQ=="
      },
      "Microsoft.CodeAnalysis.BannedApiAnalyzers": {
        "type": "Direct",
        "requested": "[4.14.0, )",
        "resolved": "4.14.0",
        "contentHash": "gSWJlDWwmDhtbrEJGiHqvEjz9KthIiFD0qYB8zZ6a7z+xpMSPEtM9yTYELSa58iFWYlzSRqP9FXO6KoT3+ZMtg=="
      },
      "Microsoft.NET.ILLink.Tasks": {
        "type": "Direct",
        "requested": "[10.0.8, )",
        "resolved": "10.0.8",
        "contentHash": "dVbSXGIFNR5nZcv2tOLoWI+a9T4jtFd77IYjuND+QVe360qWgAF7H0WtoopYhRw/+SgpGUTyrkrh+65+ClNnfw=="
      },
      "Roslynator.Analyzers": {
        "type": "Direct",
        "requested": "[4.15.0, )",
        "resolved": "4.15.0",
        "contentHash": "E8fu71Y+vzhniJKy1K13Rzwm8Vjcj7CDFBpflqncKUZfc3SzuF0kMBiyMmgXNPkjWTdE3Z+30HlGgYjHONZY/Q=="
      },
      "SonarAnalyzer.CSharp": {
        "type": "Direct",
        "requested": "[10.26.0.140279, )",
        "resolved": "10.26.0.140279",
        "contentHash": "n6+KDAbvKCJs0oYIQlxFdsmvcj1YSJ7TiqEd5jYq58T1s1Q4bwymFMeVFGDUyDKqSH9YO/7Fobvm0u9WJ7MaRQ=="
      },
      "Spectre.Console": {
        "type": "Direct",
        "requested": "[0.55.2, )",
        "resolved": "0.55.2",
        "contentHash": "yc0g12YJpmZHofGJLTQX02/uqfzJ6XHRx6pe9rANNjleQptXMHPxD9KI2/DWkXiJWddc+4oizEdGox15c89hhw==",
        "dependencies": {
          "Spectre.Console.Ansi": "0.55.2"
        }
      },
      "System.CommandLine": {
        "type": "Direct",
        "requested": "[2.0.7, )",
        "resolved": "2.0.7",
        "contentHash": "ih4yNLLF2Ebz85xJJBaPeddLa4d1AekYId7Y1g8oSsEaBHHd/CtyeBJ+tDvQadqeXz7i591K5ry/td+4aaHnQA=="
      },
      "Spectre.Console.Ansi": {
        "type": "Transitive",
        "resolved": "0.55.2",
        "contentHash": "tN3KEJQQZwLW9HJnG5YTSAxfBwxsmg1wVuGvhGG2rM+pbl+NGaHU8pDcNofPlOXlgpkbpBMxI5t9o9qPfy3sHQ=="
      }
    }
  }
}